
Microsoft Visual Studio Solution File, Format Version 12.00
# Visual Studio 2012
Project("{FAE04EC0-301F-11D3-BF4B-00C04F79EFBC}") = "Pacman", "Pacman\Pacman\Pacman.csproj", "{48DAF51B-2EE7-4811-BB1D-4E4054D8A408}"
EndProject
Project("{FAE04EC0-301F-11D3-BF4B-00C04F79EFBC}") = "PacmanContent", "Pacman\PacmanContent\PacmanContent.contentproj", "{41C0F1AD-1333-47FD-BCEF-D5540CDC035B}"
EndProject
Project("{FAE04EC0-301F-11D3-BF4B-00C04F79EFBC}") = "GameStateManagement", "GameStateManagement\GameStateManagement\GameStateManagement.csproj", "{06046A29-A0A0-4A84-86FB-BD46673803B7}"
EndProject
Global
	GlobalSection(SolutionConfigurationPlatforms) = preSolution
		Debug|x86 = Debug|x86
		Release|x86 = Release|x86
	EndGlobalSection
	GlobalSection(ProjectConfigurationPlatforms) = postSolution
		{48DAF51B-2EE7-4811-BB1D-4E4054D8A408}.Debug|x86.ActiveCfg = Debug|x86
		{48DAF51B-2EE7-4811-BB1D-4E4054D8A408}.Debug|x86.Build.0 = Debug|x86
		{48DAF51B-2EE7-4811-BB1D-4E4054D8A408}.Release|x86.ActiveCfg = Release|x86
		{48DAF51B-2EE7-4811-BB1D-4E4054D8A408}.Release|x86.Build.0 = Release|x86
		{41C0F1AD-1333-47FD-BCEF-D5540CDC035B}.Debug|x86.ActiveCfg = Debug|x86
		{41C0F1AD-1333-47FD-BCEF-D5540CDC035B}.Release|x86.ActiveCfg = Release|x86
		{06046A29-A0A0-4A84-86FB-BD46673803B7}.Debug|x86.ActiveCfg = Debug|x86
		{06046A29-A0A0-4A84-86FB-BD46673803B7}.Debug|x86.Build.0 = Debug|x86
		{06046A29-A0A0-4A84-86FB-BD46673803B7}.Release|x86.ActiveCfg = Release|x86
		{06046A29-A0A0-4A84-86FB-BD46673803B7}.Release|x86.Build.0 = Release|x86
	EndGlobalSection
	GlobalSection(SolutionProperties) = preSolution
		HideSolutionNode = FALSE
	EndGlobalSection
EndGlobal
